PODS:
  - Nimble (7.3.1)
  - Quick (1.3.2)
  - WrappedValue (0.1.0)

DEPENDENCIES:
  - Nimble
  - Quick
  - WrappedValue (from `../`)

SPEC REPOS:
  https://github.com/cocoapods/specs.git:
    - Nimble
    - Quick

EXTERNAL SOURCES:
  WrappedValue:
    :path: "../"

SPEC CHECKSUMS:
  Nimble: 04f732da099ea4d153122aec8c2a88fd0c7219ae
  Quick: 2623cb30d7a7f41ca62f684f679586558f483d46
  WrappedValue: 9aefb62abb73047325d8163b0348fe8453768005

PODFILE CHECKSUM: b4b4f41ce4792d5036ca714fc3a15f09889ffd3d

COCOAPODS: 1.6.0.beta.2
