PODS:
  - Nimble (7.3.4)
  - Quick (1.3.2)
  - WrappedValue (0.1.8)

DEPENDENCIES:
  - Nimble (~> 7.3.3)
  - Quick
  - WrappedValue (from `../`)

SPEC REPOS:
  https://github.com/cocoapods/specs.git:
    - Nimble
    - Quick

EXTERNAL SOURCES:
  WrappedValue:
    :path: "../"

SPEC CHECKSUMS:
  Nimble: 051e3d8912d40138fa5591c78594f95fb172af37
  Quick: 2623cb30d7a7f41ca62f684f679586558f483d46
  WrappedValue: 72cec0defacbb3adb8be51c68710d34172a35a14

PODFILE CHECKSUM: 92efaf6ab02767b9a0c7359c0ccc20f7c1a8b499

COCOAPODS: 1.6.0
